
Microsoft Visual Studio Solution File, Format Version 12.00
# Visual Studio Version 17
VisualStudioVersion = 17.11.35312.102
MinimumVisualStudioVersion = 10.0.40219.1
Project("{FAE04EC0-301F-11D3-BF4B-00C04F79EFBC}") = "ConstructorPractice", "ConstructorPractice.csproj", "{A1CA7978-BED2-4C65-98D9-A41E08BB6971}"
EndProject
Global
	GlobalSection(SolutionConfigurationPlatforms) = preSolution
		Debug|Any CPU = Debug|Any CPU
		Release|Any CPU = Release|Any CPU
	EndGlobalSection
	GlobalSection(ProjectConfigurationPlatforms) = postSolution
		{A1CA7978-BED2-4C65-98D9-A41E08BB6971}.Debug|Any CPU.ActiveCfg = Debug|Any CPU
		{A1CA7978-BED2-4C65-98D9-A41E08BB6971}.Debug|Any CPU.Build.0 = Debug|Any CPU
		{A1CA7978-BED2-4C65-98D9-A41E08BB6971}.Release|Any CPU.ActiveCfg = Release|Any CPU
		{A1CA7978-BED2-4C65-98D9-A41E08BB6971}.Release|Any CPU.Build.0 = Release|Any CPU
	EndGlobalSection
	GlobalSection(SolutionProperties) = preSolution
		HideSolutionNode = FALSE
	EndGlobalSection
	GlobalSection(ExtensibilityGlobals) = postSolution
		SolutionGuid = {E9A91285-C040-472F-B395-C42C1D29AF22}
	EndGlobalSection
EndGlobal
